Microsoft Visual Studio Solution File, Format Version 11.00
# Visual Studio 2008

Project("{06F3C678-94C6-AF03-7D6B-D166DAE7DAE1}") = "buttonbashers", "Assembly-CSharp.csproj", "{F4B6A1C6-51B2-3B25-25E3-F3410EAB87FF}"
EndProject
Project("{06F3C678-94C6-AF03-7D6B-D166DAE7DAE1}") = "buttonbashers", "Assembly-CSharp-Editor.csproj", "{64291696-0BDE-7CD3-8C21-93FF0BEC1406}"
EndProject
Global
	GlobalSection(SolutionConfigurationPlatforms) = preSolution
		Debug|Any CPU = Debug|Any CPU
		Release|Any CPU = Release|Any CPU
	EndGlobalSection
	GlobalSection(ProjectConfigurationPlatforms) = postSolution
		{F4B6A1C6-51B2-3B25-25E3-F3410EAB87FF}.Debug|Any CPU.ActiveCfg = Debug|Any CPU
		{F4B6A1C6-51B2-3B25-25E3-F3410EAB87FF}.Debug|Any CPU.Build.0 = Debug|Any CPU
		{F4B6A1C6-51B2-3B25-25E3-F3410EAB87FF}.Release|Any CPU.ActiveCfg = Release|Any CPU
		{F4B6A1C6-51B2-3B25-25E3-F3410EAB87FF}.Release|Any CPU.Build.0 = Release|Any CPU
		{64291696-0BDE-7CD3-8C21-93FF0BEC1406}.Debug|Any CPU.ActiveCfg = Debug|Any CPU
		{64291696-0BDE-7CD3-8C21-93FF0BEC1406}.Debug|Any CPU.Build.0 = Debug|Any CPU
		{64291696-0BDE-7CD3-8C21-93FF0BEC1406}.Release|Any CPU.ActiveCfg = Release|Any CPU
		{64291696-0BDE-7CD3-8C21-93FF0BEC1406}.Release|Any CPU.Build.0 = Release|Any CPU
	EndGlobalSection
	GlobalSection(SolutionProperties) = preSolution
		HideSolutionNode = FALSE
	EndGlobalSection
	GlobalSection(MonoDevelopProperties) = preSolution
		StartupItem = Assembly-CSharp.csproj
	EndGlobalSection
EndGlobal
